
Microsoft Visual Studio Solution File, Format Version 10.00
# Visual Studio 2008
Project("{F184B08F-C81C-45F6-A57F-5ABD9991F28F}") = "Odd Even Project", "Odd Even Project\Odd Even Project.vbproj", "{32C32DE2-53AA-4356-8BE6-8ABF0C448197}"
EndProject
Global
	GlobalSection(SolutionConfigurationPlatforms) = preSolution
		Debug|Any CPU = Debug|Any CPU
		Release|Any CPU = Release|Any CPU
	EndGlobalSection
	GlobalSection(ProjectConfigurationPlatforms) = postSolution
		{32C32DE2-53AA-4356-8BE6-8ABF0C448197}.Debug|Any CPU.ActiveCfg = Debug|Any CPU
		{32C32DE2-53AA-4356-8BE6-8ABF0C448197}.Debug|Any CPU.Build.0 = Debug|Any CPU
		{32C32DE2-53AA-4356-8BE6-8ABF0C448197}.Release|Any CPU.ActiveCfg = Release|Any CPU
		{32C32DE2-53AA-4356-8BE6-8ABF0C448197}.Release|Any CPU.Build.0 = Release|Any CPU
	EndGlobalSection
	GlobalSection(SolutionProperties) = preSolution
		HideSolutionNode = FALSE
	EndGlobalSection
EndGlobal
