
Microsoft Visual Studio Solution File, Format Version 10.00
# Visual Studio 2008
Project("{F184B08F-C81C-45F6-A57F-5ABD9991F28F}") = "HealthClubProject", "HealthClubProject\HealthClubProject.vbproj", "{7D852C7C-2C4D-4E02-B5D4-88481F4A4263}"
EndProject
Global
	GlobalSection(SolutionConfigurationPlatforms) = preSolution
		Debug|Any CPU = Debug|Any CPU
		Release|Any CPU = Release|Any CPU
	EndGlobalSection
	GlobalSection(ProjectConfigurationPlatforms) = postSolution
		{7D852C7C-2C4D-4E02-B5D4-88481F4A4263}.Debug|Any CPU.ActiveCfg = Debug|Any CPU
		{7D852C7C-2C4D-4E02-B5D4-88481F4A4263}.Debug|Any CPU.Build.0 = Debug|Any CPU
		{7D852C7C-2C4D-4E02-B5D4-88481F4A4263}.Debug|Any CPU.Deploy.0 = Debug|Any CPU
		{7D852C7C-2C4D-4E02-B5D4-88481F4A4263}.Release|Any CPU.ActiveCfg = Release|Any CPU
		{7D852C7C-2C4D-4E02-B5D4-88481F4A4263}.Release|Any CPU.Build.0 = Release|Any CPU
		{7D852C7C-2C4D-4E02-B5D4-88481F4A4263}.Release|Any CPU.Deploy.0 = Release|Any CPU
	EndGlobalSection
	GlobalSection(SolutionProperties) = preSolution
		HideSolutionNode = FALSE
	EndGlobalSection
EndGlobal
